
Microsoft Visual Studio Solution File, Format Version 12.00
# Visual Studio Version 16
VisualStudioVersion = 16.0.31424.327
MinimumVisualStudioVersion = 15.0.26124.0
Project("{2150E333-8FDC-42A3-9474-1A3956D46DE8}") = "src", "src", "{A1EB41D4-735C-4398-A472-F22ABA340C8C}"
EndProject
Project("{9A19103F-16F7-4668-BE54-9A1E7A4F7556}") = "Aries1211.Domain", "src\Aries1211.Domain\Aries1211.Domain.csproj", "{4CD12027-0E77-4A4E-B510-4E828D4D45FD}"
EndProject
Project("{2150E333-8FDC-42A3-9474-1A3956D46DE8}") = "test", "test", "{C371DEE9-F7FD-402B-BF3B-00BD6F1F3C42}"
EndProject
Project("{9A19103F-16F7-4668-BE54-9A1E7A4F7556}") = "UnitTests.Aries1211.Domain", "test\UnitTests.Aries1211.Domain\UnitTests.Aries1211.Domain.csproj", "{01B08DCC-605D-4E7F-A35E-FF1BAC7903B0}"
EndProject
Project("{9A19103F-16F7-4668-BE54-9A1E7A4F7556}") = "Aries1211.Api", "src\Aries1211.Api\Aries1211.Api.csproj", "{9FF2C881-B4DC-448D-8320-8B4671C06EB5}"
EndProject
Project("{9A19103F-16F7-4668-BE54-9A1E7A4F7556}") = "Aries1211.Persistence", "src\Aries1211.Persistence\Aries1211.Persistence.csproj", "{657566F5-BC2F-4CC7-B7AA-D6F40FAB8CF9}"
EndProject
Project("{9A19103F-16F7-4668-BE54-9A1E7A4F7556}") = "UnitTests.Aries1211.Persistence", "test\UnitTests.Aries1211.Persistence\UnitTests.Aries1211.Persistence.csproj", "{DC35D65C-E0B5-454D-9FF0-155D082DCE0A}"
EndProject
Project("{9A19103F-16F7-4668-BE54-9A1E7A4F7556}") = "UnitTests.Aries1211.Api", "test\UnitTests.Aries1211.Api\UnitTests.Aries1211.Api.csproj", "{E53235B7-DC6F-4EFB-AB75-CC1FAEF116F4}"
EndProject
Global
	GlobalSection(SolutionConfigurationPlatforms) = preSolution
		Debug|Any CPU = Debug|Any CPU
		Debug|x64 = Debug|x64
		Debug|x86 = Debug|x86
		Release|Any CPU = Release|Any CPU
		Release|x64 = Release|x64
		Release|x86 = Release|x86
	EndGlobalSection
	GlobalSection(ProjectConfigurationPlatforms) = postSolution
		{4CD12027-0E77-4A4E-B510-4E828D4D45FD}.Debug|Any CPU.ActiveCfg = Debug|Any CPU
		{4CD12027-0E77-4A4E-B510-4E828D4D45FD}.Debug|Any CPU.Build.0 = Debug|Any CPU
		{4CD12027-0E77-4A4E-B510-4E828D4D45FD}.Debug|x64.ActiveCfg = Debug|Any CPU
		{4CD12027-0E77-4A4E-B510-4E828D4D45FD}.Debug|x64.Build.0 = Debug|Any CPU
		{4CD12027-0E77-4A4E-B510-4E828D4D45FD}.Debug|x86.ActiveCfg = Debug|Any CPU
		{4CD12027-0E77-4A4E-B510-4E828D4D45FD}.Debug|x86.Build.0 = Debug|Any CPU
		{4CD12027-0E77-4A4E-B510-4E828D4D45FD}.Release|Any CPU.ActiveCfg = Release|Any CPU
		{4CD12027-0E77-4A4E-B510-4E828D4D45FD}.Release|Any CPU.Build.0 = Release|Any CPU
		{4CD12027-0E77-4A4E-B510-4E828D4D45FD}.Release|x64.ActiveCfg = Release|Any CPU
		{4CD12027-0E77-4A4E-B510-4E828D4D45FD}.Release|x64.Build.0 = Release|Any CPU
		{4CD12027-0E77-4A4E-B510-4E828D4D45FD}.Release|x86.ActiveCfg = Release|Any CPU
		{4CD12027-0E77-4A4E-B510-4E828D4D45FD}.Release|x86.Build.0 = Release|Any CPU
		{01B08DCC-605D-4E7F-A35E-FF1BAC7903B0}.Debug|Any CPU.ActiveCfg = Debug|Any CPU
		{01B08DCC-605D-4E7F-A35E-FF1BAC7903B0}.Debug|Any CPU.Build.0 = Debug|Any CPU
		{01B08DCC-605D-4E7F-A35E-FF1BAC7903B0}.Debug|x64.ActiveCfg = Debug|Any CPU
		{01B08DCC-605D-4E7F-A35E-FF1BAC7903B0}.Debug|x64.Build.0 = Debug|Any CPU
		{01B08DCC-605D-4E7F-A35E-FF1BAC7903B0}.Debug|x86.ActiveCfg = Debug|Any CPU
		{01B08DCC-605D-4E7F-A35E-FF1BAC7903B0}.Debug|x86.Build.0 = Debug|Any CPU
		{01B08DCC-605D-4E7F-A35E-FF1BAC7903B0}.Release|Any CPU.ActiveCfg = Release|Any CPU
		{01B08DCC-605D-4E7F-A35E-FF1BAC7903B0}.Release|Any CPU.Build.0 = Release|Any CPU
		{01B08DCC-605D-4E7F-A35E-FF1BAC7903B0}.Release|x64.ActiveCfg = Release|Any CPU
		{01B08DCC-605D-4E7F-A35E-FF1BAC7903B0}.Release|x64.Build.0 = Release|Any CPU
		{01B08DCC-605D-4E7F-A35E-FF1BAC7903B0}.Release|x86.ActiveCfg = Release|Any CPU
		{01B08DCC-605D-4E7F-A35E-FF1BAC7903B0}.Release|x86.Build.0 = Release|Any CPU
		{9FF2C881-B4DC-448D-8320-8B4671C06EB5}.Debug|Any CPU.ActiveCfg = Debug|Any CPU
		{9FF2C881-B4DC-448D-8320-8B4671C06EB5}.Debug|Any CPU.Build.0 = Debug|Any CPU
		{9FF2C881-B4DC-448D-8320-8B4671C06EB5}.Debug|x64.ActiveCfg = Debug|Any CPU
		{9FF2C881-B4DC-448D-8320-8B4671C06EB5}.Debug|x64.Build.0 = Debug|Any CPU
		{9FF2C881-B4DC-448D-8320-8B4671C06EB5}.Debug|x86.ActiveCfg = Debug|Any CPU
		{9FF2C881-B4DC-448D-8320-8B4671C06EB5}.Debug|x86.Build.0 = Debug|Any CPU
		{9FF2C881-B4DC-448D-8320-8B4671C06EB5}.Release|Any CPU.ActiveCfg = Release|Any CPU
		{9FF2C881-B4DC-448D-8320-8B4671C06EB5}.Release|Any CPU.Build.0 = Release|Any CPU
		{9FF2C881-B4DC-448D-8320-8B4671C06EB5}.Release|x64.ActiveCfg = Release|Any CPU
		{9FF2C881-B4DC-448D-8320-8B4671C06EB5}.Release|x64.Build.0 = Release|Any CPU
		{9FF2C881-B4DC-448D-8320-8B4671C06EB5}.Release|x86.ActiveCfg = Release|Any CPU
		{9FF2C881-B4DC-448D-8320-8B4671C06EB5}.Release|x86.Build.0 = Release|Any CPU
		{657566F5-BC2F-4CC7-B7AA-D6F40FAB8CF9}.Debug|Any CPU.ActiveCfg = Debug|Any CPU
		{657566F5-BC2F-4CC7-B7AA-D6F40FAB8CF9}.Debug|Any CPU.Build.0 = Debug|Any CPU
		{657566F5-BC2F-4CC7-B7AA-D6F40FAB8CF9}.Debug|x64.ActiveCfg = Debug|Any CPU
		{657566F5-BC2F-4CC7-B7AA-D6F40FAB8CF9}.Debug|x64.Build.0 = Debug|Any CPU
		{657566F5-BC2F-4CC7-B7AA-D6F40FAB8CF9}.Debug|x86.ActiveCfg = Debug|Any CPU
		{657566F5-BC2F-4CC7-B7AA-D6F40FAB8CF9}.Debug|x86.Build.0 = Debug|Any CPU
		{657566F5-BC2F-4CC7-B7AA-D6F40FAB8CF9}.Release|Any CPU.ActiveCfg = Release|Any CPU
		{657566F5-BC2F-4CC7-B7AA-D6F40FAB8CF9}.Release|Any CPU.Build.0 = Release|Any CPU
		{657566F5-BC2F-4CC7-B7AA-D6F40FAB8CF9}.Release|x64.ActiveCfg = Release|Any CPU
		{657566F5-BC2F-4CC7-B7AA-D6F40FAB8CF9}.Release|x64.Build.0 = Release|Any CPU
		{657566F5-BC2F-4CC7-B7AA-D6F40FAB8CF9}.Release|x86.ActiveCfg = Release|Any CPU
		{657566F5-BC2F-4CC7-B7AA-D6F40FAB8CF9}.Release|x86.Build.0 = Release|Any CPU
		{DC35D65C-E0B5-454D-9FF0-155D082DCE0A}.Debug|Any CPU.ActiveCfg = Debug|Any CPU
		{DC35D65C-E0B5-454D-9FF0-155D082DCE0A}.Debug|Any CPU.Build.0 = Debug|Any CPU
		{DC35D65C-E0B5-454D-9FF0-155D082DCE0A}.Debug|x64.ActiveCfg = Debug|Any CPU
		{DC35D65C-E0B5-454D-9FF0-155D082DCE0A}.Debug|x64.Build.0 = Debug|Any CPU
		{DC35D65C-E0B5-454D-9FF0-155D082DCE0A}.Debug|x86.ActiveCfg = Debug|Any CPU
		{DC35D65C-E0B5-454D-9FF0-155D082DCE0A}.Debug|x86.Build.0 = Debug|Any CPU
		{DC35D65C-E0B5-454D-9FF0-155D082DCE0A}.Release|Any CPU.ActiveCfg = Release|Any CPU
		{DC35D65C-E0B5-454D-9FF0-155D082DCE0A}.Release|Any CPU.Build.0 = Release|Any CPU
		{DC35D65C-E0B5-454D-9FF0-155D082DCE0A}.Release|x64.ActiveCfg = Release|Any CPU
		{DC35D65C-E0B5-454D-9FF0-155D082DCE0A}.Release|x64.Build.0 = Release|Any CPU
		{DC35D65C-E0B5-454D-9FF0-155D082DCE0A}.Release|x86.ActiveCfg = Release|Any CPU
		{DC35D65C-E0B5-454D-9FF0-155D082DCE0A}.Release|x86.Build.0 = Release|Any CPU
		{E53235B7-DC6F-4EFB-AB75-CC1FAEF116F4}.Debug|Any CPU.ActiveCfg = Debug|Any CPU
		{E53235B7-DC6F-4EFB-AB75-CC1FAEF116F4}.Debug|Any CPU.Build.0 = Debug|Any CPU
		{E53235B7-DC6F-4EFB-AB75-CC1FAEF116F4}.Debug|x64.ActiveCfg = Debug|Any CPU
		{E53235B7-DC6F-4EFB-AB75-CC1FAEF116F4}.Debug|x64.Build.0 = Debug|Any CPU
		{E53235B7-DC6F-4EFB-AB75-CC1FAEF116F4}.Debug|x86.ActiveCfg = Debug|Any CPU
		{E53235B7-DC6F-4EFB-AB75-CC1FAEF116F4}.Debug|x86.Build.0 = Debug|Any CPU
		{E53235B7-DC6F-4EFB-AB75-CC1FAEF116F4}.Release|Any CPU.ActiveCfg = Release|Any CPU
		{E53235B7-DC6F-4EFB-AB75-CC1FAEF116F4}.Release|Any CPU.Build.0 = Release|Any CPU
		{E53235B7-DC6F-4EFB-AB75-CC1FAEF116F4}.Release|x64.ActiveCfg = Release|Any CPU
		{E53235B7-DC6F-4EFB-AB75-CC1FAEF116F4}.Release|x64.Build.0 = Release|Any CPU
		{E53235B7-DC6F-4EFB-AB75-CC1FAEF116F4}.Release|x86.ActiveCfg = Release|Any CPU
		{E53235B7-DC6F-4EFB-AB75-CC1FAEF116F4}.Release|x86.Build.0 = Release|Any CPU
	EndGlobalSection
	GlobalSection(SolutionProperties) = preSolution
		HideSolutionNode = FALSE
	EndGlobalSection
	GlobalSection(NestedProjects) = preSolution
		{4CD12027-0E77-4A4E-B510-4E828D4D45FD} = {A1EB41D4-735C-4398-A472-F22ABA340C8C}
		{01B08DCC-605D-4E7F-A35E-FF1BAC7903B0} = {C371DEE9-F7FD-402B-BF3B-00BD6F1F3C42}
		{9FF2C881-B4DC-448D-8320-8B4671C06EB5} = {A1EB41D4-735C-4398-A472-F22ABA340C8C}
		{657566F5-BC2F-4CC7-B7AA-D6F40FAB8CF9} = {A1EB41D4-735C-4398-A472-F22ABA340C8C}
		{DC35D65C-E0B5-454D-9FF0-155D082DCE0A} = {C371DEE9-F7FD-402B-BF3B-00BD6F1F3C42}
		{E53235B7-DC6F-4EFB-AB75-CC1FAEF116F4} = {C371DEE9-F7FD-402B-BF3B-00BD6F1F3C42}
	EndGlobalSection
	GlobalSection(ExtensibilityGlobals) = postSolution
		SolutionGuid = {A40A597A-1E80-426C-9326-D953865B7461}
	EndGlobalSection
EndGlobal
